// !$*UTF8*$!
{
	archiveVersion = 1;
	classes = {
	};
	objectVersion = 55;
	objects = {

/* Begin PBXBuildFile section */
		6CA75F0C27400C5200ADCCE2 /* AppDelegate.swift in Sources */ = {isa = PBXBuildFile; fileRef = 6CA75F0B27400C5200ADCCE2 /* AppDelegate.swift */; };
		6CA75F0E27400C5200ADCCE2 /* SceneDelegate.swift in Sources */ = {isa = PBXBuildFile; fileRef = 6CA75F0D27400C5200ADCCE2 /* SceneDelegate.swift */; };
		6CA75F1027400C5200ADCCE2 /* HomeViewController.swift in Sources */ = {isa = PBXBuildFile; fileRef = 6CA75F0F27400C5200ADCCE2 /* HomeViewController.swift */; };
		6CA75F1327400C5200ADCCE2 /* Main.storyboard in Resources */ = {isa = PBXBuildFile; fileRef = 6CA75F1127400C5200ADCCE2 /* Main.storyboard */; };
		6CA75F1627400C5200ADCCE2 /* KMCodingChallenge.xcdatamodeld in Sources */ = {isa = PBXBuildFile; fileRef = 6CA75F1427400C5200ADCCE2 /* KMCodingChallenge.xcdatamodeld */; };
		6CA75F1827400C5400ADCCE2 /* Assets.xcassets in Resources */ = {isa = PBXBuildFile; fileRef = 6CA75F1727400C5400ADCCE2 /* Assets.xcassets */; };
		6CA75F1B27400C5400ADCCE2 /* LaunchScreen.storyboard in Resources */ = {isa = PBXBuildFile; fileRef = 6CA75F1927400C5400ADCCE2 /* LaunchScreen.storyboard */; };
		6CA75F2627400C5400ADCCE2 /* KMCodingChallengeTests.swift in Sources */ = {isa = PBXBuildFile; fileRef = 6CA75F2527400C5400ADCCE2 /* KMCodingChallengeTests.swift */; };
		6CA75F3027400C5400ADCCE2 /* KMCodingChallengeUITests.swift in Sources */ = {isa = PBXBuildFile; fileRef = 6CA75F2F27400C5400ADCCE2 /* KMCodingChallengeUITests.swift */; };
		6CA75F3227400C5400ADCCE2 /* KMCodingChallengeUITestsLaunchTests.swift in Sources */ = {isa = PBXBuildFile; fileRef = 6CA75F3127400C5400ADCCE2 /* KMCodingChallengeUITestsLaunchTests.swift */; };
		6CA75F4227400F6400ADCCE2 /* MediaModels.swift in Sources */ = {isa = PBXBuildFile; fileRef = 6CA75F4127400F6400ADCCE2 /* MediaModels.swift */; };
		6CA75F4427401E3400ADCCE2 /* TrackMediaModel.swift in Sources */ = {isa = PBXBuildFile; fileRef = 6CA75F4327401E3400ADCCE2 /* TrackMediaModel.swift */; };
		6CA75F4627401E4E00ADCCE2 /* AudioBookMediaModel.swift in Sources */ = {isa = PBXBuildFile; fileRef = 6CA75F4527401E4E00ADCCE2 /* AudioBookMediaModel.swift */; };
		6CA75F4927408C2C00ADCCE2 /* APIManager.swift in Sources */ = {isa = PBXBuildFile; fileRef = 6CA75F4827408C2C00ADCCE2 /* APIManager.swift */; };
		6CA75F4B2740961F00ADCCE2 /* APIResponseResult.swift in Sources */ = {isa = PBXBuildFile; fileRef = 6CA75F4A2740961F00ADCCE2 /* APIResponseResult.swift */; };
		6CA75F4F27410B9E00ADCCE2 /* Extensions.swift in Sources */ = {isa = PBXBuildFile; fileRef = 6CA75F4E27410B9E00ADCCE2 /* Extensions.swift */; };
		6CA75F5427410DE800ADCCE2 /* HomeDataManager.swift in Sources */ = {isa = PBXBuildFile; fileRef = 6CA75F5327410DE800ADCCE2 /* HomeDataManager.swift */; };
		6CA75F562741140400ADCCE2 /* APIPaths.swift in Sources */ = {isa = PBXBuildFile; fileRef = 6CA75F552741140400ADCCE2 /* APIPaths.swift */; };
		6CA75F5A2741262D00ADCCE2 /* APIRequestManager.swift in Sources */ = {isa = PBXBuildFile; fileRef = 6CA75F592741262D00ADCCE2 /* APIRequestManager.swift */; };
		6CA75F5C2741878800ADCCE2 /* HomeViewModel.swift in Sources */ = {isa = PBXBuildFile; fileRef = 6CA75F5B2741878800ADCCE2 /* HomeViewModel.swift */; };
		6CA75F602741A09400ADCCE2 /* MediaCollectionViewCell.swift in Sources */ = {isa = PBXBuildFile; fileRef = 6CA75F5E2741A09400ADCCE2 /* MediaCollectionViewCell.swift */; };
		6CA75F612741A09400ADCCE2 /* MediaCollectionViewCell.xib in Resources */ = {isa = PBXBuildFile; fileRef = 6CA75F5F2741A09400ADCCE2 /* MediaCollectionViewCell.xib */; };
		6CA75F642741B18100ADCCE2 /* SectionHeader.swift in Sources */ = {isa = PBXBuildFile; fileRef = 6CA75F632741B18100ADCCE2 /* SectionHeader.swift */; };
		739210419B2A0F064560E8C0 /* Pods_KMCodingChallengeTests.framework in Frameworks */ = {isa = PBXBuildFile; fileRef = ED33DE9941C8331000ED7C4C /* Pods_KMCodingChallengeTests.framework */; };
		EDB384192947D5FDFCB74D93 /* Pods_KMCodingChallengeUITests.framework in Frameworks */ = {isa = PBXBuildFile; fileRef = B99C1575D5AC09324D0D62DD /* Pods_KMCodingChallengeUITests.framework */; };
		EE9E816B2959C7BE817FD52F /* Pods_KMCodingChallenge.framework in Frameworks */ = {isa = PBXBuildFile; fileRef = 941A56BFC3D1D68A0686AFAD /* Pods_KMCodingChallenge.framework */; };
/* End PBXBuildFile section */

/* Begin PBXContainerItemProxy section */
		6CA75F2227400C5400ADCCE2 /* PBXContainerItemProxy */ = {
			isa = PBXContainerItemProxy;
			containerPortal = 6CA75F0027400C5200ADCCE2 /* Project object */;
			proxyType = 1;
			remoteGlobalIDString = 6CA75F0727400C5200ADCCE2;
			remoteInfo = KMCodingChallenge;
		};
		6CA75F2C27400C5400ADCCE2 /* PBXContainerItemProxy */ = {
			isa = PBXContainerItemProxy;
			containerPortal = 6CA75F0027400C5200ADCCE2 /* Project object */;
			proxyType = 1;
			remoteGlobalIDString = 6CA75F0727400C5200ADCCE2;
			remoteInfo = KMCodingChallenge;
		};
/* End PBXContainerItemProxy section */

/* Begin PBXFileReference section */
		4B661C2EFA0629457A019EDC /* Pods-KMCodingChallengeUITests.debug.xcconfig */ = {isa = PBXFileReference; includeInIndex = 1; lastKnownFileType = text.xcconfig; name = "Pods-KMCodingChallengeUITests.debug.xcconfig"; path = "Target Support Files/Pods-KMCodingChallengeUITests/Pods-KMCodingChallengeUITests.debug.xcconfig"; sourceTree = "<group>"; };
		6CA75F0827400C5200ADCCE2 /* KMCodingChallenge.app */ = {isa = PBXFileReference; explicitFileType = wrapper.application; includeInIndex = 0; path = KMCodingChallenge.app; sourceTree = BUILT_PRODUCTS_DIR; };
		6CA75F0B27400C5200ADCCE2 /* AppDelegate.swift */ = {isa = PBXFileReference; lastKnownFileType = sourcecode.swift; path = AppDelegate.swift; sourceTree = "<group>"; };
		6CA75F0D27400C5200ADCCE2 /* SceneDelegate.swift */ = {isa = PBXFileReference; lastKnownFileType = sourcecode.swift; path = SceneDelegate.swift; sourceTree = "<group>"; };
		6CA75F0F27400C5200ADCCE2 /* HomeViewController.swift */ = {isa = PBXFileReference; lastKnownFileType = sourcecode.swift; path = HomeViewController.swift; sourceTree = "<group>"; };
		6CA75F1227400C5200ADCCE2 /* Base */ = {isa = PBXFileReference; lastKnownFileType = file.storyboard; name = Base; path = Base.lproj/Main.storyboard; sourceTree = "<group>"; };
		6CA75F1527400C5200ADCCE2 /* KMCodingChallenge.xcdatamodel */ = {isa = PBXFileReference; lastKnownFileType = wrapper.xcdatamodel; path = KMCodingChallenge.xcdatamodel; sourceTree = "<group>"; };
		6CA75F1727400C5400ADCCE2 /* Assets.xcassets */ = {isa = PBXFileReference; lastKnownFileType = folder.assetcatalog; path = Assets.xcassets; sourceTree = "<group>"; };
		6CA75F1A27400C5400ADCCE2 /* Base */ = {isa = PBXFileReference; lastKnownFileType = file.storyboard; name = Base; path = Base.lproj/LaunchScreen.storyboard; sourceTree = "<group>"; };
		6CA75F1C27400C5400ADCCE2 /* Info.plist */ = {isa = PBXFileReference; lastKnownFileType = text.plist.xml; path = Info.plist; sourceTree = "<group>"; };
		6CA75F2127400C5400ADCCE2 /* KMCodingChallengeTests.xctest */ = {isa = PBXFileReference; explicitFileType = wrapper.cfbundle; includeInIndex = 0; path = KMCodingChallengeTests.xctest; sourceTree = BUILT_PRODUCTS_DIR; };
		6CA75F2527400C5400ADCCE2 /* KMCodingChallengeTests.swift */ = {isa = PBXFileReference; lastKnownFileType = sourcecode.swift; path = KMCodingChallengeTests.swift; sourceTree = "<group>"; };
		6CA75F2B27400C5400ADCCE2 /* KMCodingChallengeUITests.xctest */ = {isa = PBXFileReference; explicitFileType = wrapper.cfbundle; includeInIndex = 0; path = KMCodingChallengeUITests.xctest; sourceTree = BUILT_PRODUCTS_DIR; };
		6CA75F2F27400C5400ADCCE2 /* KMCodingChallengeUITests.swift */ = {isa = PBXFileReference; lastKnownFileType = sourcecode.swift; path = KMCodingChallengeUITests.swift; sourceTree = "<group>"; };
		6CA75F3127400C5400ADCCE2 /* KMCodingChallengeUITestsLaunchTests.swift */ = {isa = PBXFileReference; lastKnownFileType = sourcecode.swift; path = KMCodingChallengeUITestsLaunchTests.swift; sourceTree = "<group>"; };
		6CA75F4127400F6400ADCCE2 /* MediaModels.swift */ = {isa = PBXFileReference; lastKnownFileType = sourcecode.swift; path = MediaModels.swift; sourceTree = "<group>"; };
		6CA75F4327401E3400ADCCE2 /* TrackMediaModel.swift */ = {isa = PBXFileReference; lastKnownFileType = sourcecode.swift; path = TrackMediaModel.swift; sourceTree = "<group>"; };
		6CA75F4527401E4E00ADCCE2 /* AudioBookMediaModel.swift */ = {isa = PBXFileReference; lastKnownFileType = sourcecode.swift; path = AudioBookMediaModel.swift; sourceTree = "<group>"; };
		6CA75F4827408C2C00ADCCE2 /* APIManager.swift */ = {isa = PBXFileReference; lastKnownFileType = sourcecode.swift; path = APIManager.swift; sourceTree = "<group>"; };
		6CA75F4A2740961F00ADCCE2 /* APIResponseResult.swift */ = {isa = PBXFileReference; lastKnownFileType = sourcecode.swift; path = APIResponseResult.swift; sourceTree = "<group>"; };
		6CA75F4E27410B9E00ADCCE2 /* Extensions.swift */ = {isa = PBXFileReference; lastKnownFileType = sourcecode.swift; path = Extensions.swift; sourceTree = "<group>"; };
		6CA75F5327410DE800ADCCE2 /* HomeDataManager.swift */ = {isa = PBXFileReference; lastKnownFileType = sourcecode.swift; path = HomeDataManager.swift; sourceTree = "<group>"; };
		6CA75F552741140400ADCCE2 /* APIPaths.swift */ = {isa = PBXFileReference; lastKnownFileType = sourcecode.swift; path = APIPaths.swift; sourceTree = "<group>"; };
		6CA75F592741262D00ADCCE2 /* APIRequestManager.swift */ = {isa = PBXFileReference; lastKnownFileType = sourcecode.swift; path = APIRequestManager.swift; sourceTree = "<group>"; };
		6CA75F5B2741878800ADCCE2 /* HomeViewModel.swift */ = {isa = PBXFileReference; lastKnownFileType = sourcecode.swift; path = HomeViewModel.swift; sourceTree = "<group>"; };
		6CA75F5E2741A09400ADCCE2 /* MediaCollectionViewCell.swift */ = {isa = PBXFileReference; lastKnownFileType = sourcecode.swift; path = MediaCollectionViewCell.swift; sourceTree = "<group>"; };
		6CA75F5F2741A09400ADCCE2 /* MediaCollectionViewCell.xib */ = {isa = PBXFileReference; lastKnownFileType = file.xib; path = MediaCollectionViewCell.xib; sourceTree = "<group>"; };
		6CA75F632741B18100ADCCE2 /* SectionHeader.swift */ = {isa = PBXFileReference; lastKnownFileType = sourcecode.swift; path = SectionHeader.swift; sourceTree = "<group>"; };
		941A56BFC3D1D68A0686AFAD /* Pods_KMCodingChallenge.framework */ = {isa = PBXFileReference; explicitFileType = wrapper.framework; includeInIndex = 0; path = Pods_KMCodingChallenge.framework; sourceTree = BUILT_PRODUCTS_DIR; };
		9C09381F6AD38B39A5E487B4 /* Pods-KMCodingChallengeUITests.release.xcconfig */ = {isa = PBXFileReference; includeInIndex = 1; lastKnownFileType = text.xcconfig; name = "Pods-KMCodingChallengeUITests.release.xcconfig"; path = "Target Support Files/Pods-KMCodingChallengeUITests/Pods-KMCodingChallengeUITests.release.xcconfig"; sourceTree = "<group>"; };
		AA9E296F9DC20BA3C0FBE7F2 /* Pods-KMCodingChallenge.debug.xcconfig */ = {isa = PBXFileReference; includeInIndex = 1; lastKnownFileType = text.xcconfig; name = "Pods-KMCodingChallenge.debug.xcconfig"; path = "Target Support Files/Pods-KMCodingChallenge/Pods-KMCodingChallenge.debug.xcconfig"; sourceTree = "<group>"; };
		B99C1575D5AC09324D0D62DD /* Pods_KMCodingChallengeUITests.framework */ = {isa = PBXFileReference; explicitFileType = wrapper.framework; includeInIndex = 0; path = Pods_KMCodingChallengeUITests.framework; sourceTree = BUILT_PRODUCTS_DIR; };
		CE334AA0602630AB78B26E89 /* Pods-KMCodingChallengeTests.debug.xcconfig */ = {isa = PBXFileReference; includeInIndex = 1; lastKnownFileType = text.xcconfig; name = "Pods-KMCodingChallengeTests.debug.xcconfig"; path = "Target Support Files/Pods-KMCodingChallengeTests/Pods-KMCodingChallengeTests.debug.xcconfig"; sourceTree = "<group>"; };
		D438FDF83D10DF511D70693D /* Pods-KMCodingChallenge.release.xcconfig */ = {isa = PBXFileReference; includeInIndex = 1; lastKnownFileType = text.xcconfig; name = "Pods-KMCodingChallenge.release.xcconfig"; path = "Target Support Files/Pods-KMCodingChallenge/Pods-KMCodingChallenge.release.xcconfig"; sourceTree = "<group>"; };
		D75BEB9045046E4FC78FD660 /* Pods-KMCodingChallengeTests.release.xcconfig */ = {isa = PBXFileReference; includeInIndex = 1; lastKnownFileType = text.xcconfig; name = "Pods-KMCodingChallengeTests.release.xcconfig"; path = "Target Support Files/Pods-KMCodingChallengeTests/Pods-KMCodingChallengeTests.release.xcconfig"; sourceTree = "<group>"; };
		ED33DE9941C8331000ED7C4C /* Pods_KMCodingChallengeTests.framework */ = {isa = PBXFileReference; explicitFileType = wrapper.framework; includeInIndex = 0; path = Pods_KMCodingChallengeTests.framework; sourceTree = BUILT_PRODUCTS_DIR; };
/* End PBXFileReference section */

/* Begin PBXFrameworksBuildPhase section */
		6CA75F0527400C5200ADCCE2 /* Frameworks */ = {
			isa = PBXFrameworksBuildPhase;
			buildActionMask = 2147483647;
			files = (
				EE9E816B2959C7BE817FD52F /* Pods_KMCodingChallenge.framework in Frameworks */,
			);
			runOnlyForDeploymentPostprocessing = 0;
		};
		6CA75F1E27400C5400ADCCE2 /* Frameworks */ = {
			isa = PBXFrameworksBuildPhase;
			buildActionMask = 2147483647;
			files = (
				739210419B2A0F064560E8C0 /* Pods_KMCodingChallengeTests.framework in Frameworks */,
			);
			runOnlyForDeploymentPostprocessing = 0;
		};
		6CA75F2827400C5400ADCCE2 /* Frameworks */ = {
			isa = PBXFrameworksBuildPhase;
			buildActionMask = 2147483647;
			files = (
				EDB384192947D5FDFCB74D93 /* Pods_KMCodingChallengeUITests.framework in Frameworks */,
			);
			runOnlyForDeploymentPostprocessing = 0;
		};
/* End PBXFrameworksBuildPhase section */

/* Begin PBXGroup section */
		0BA383F4BF00722955B3C278 /* Pods */ = {
			isa = PBXGroup;
			children = (
				AA9E296F9DC20BA3C0FBE7F2 /* Pods-KMCodingChallenge.debug.xcconfig */,
				D438FDF83D10DF511D70693D /* Pods-KMCodingChallenge.release.xcconfig */,
				CE334AA0602630AB78B26E89 /* Pods-KMCodingChallengeTests.debug.xcconfig */,
				D75BEB9045046E4FC78FD660 /* Pods-KMCodingChallengeTests.release.xcconfig */,
				4B661C2EFA0629457A019EDC /* Pods-KMCodingChallengeUITests.debug.xcconfig */,
				9C09381F6AD38B39A5E487B4 /* Pods-KMCodingChallengeUITests.release.xcconfig */,
			);
			path = Pods;
			sourceTree = "<group>";
		};
		6CA75EFF27400C5200ADCCE2 = {
			isa = PBXGroup;
			children = (
				6CA75F0A27400C5200ADCCE2 /* KMCodingChallenge */,
				6CA75F2427400C5400ADCCE2 /* KMCodingChallengeTests */,
				6CA75F2E27400C5400ADCCE2 /* KMCodingChallengeUITests */,
				6CA75F0927400C5200ADCCE2 /* Products */,
				0BA383F4BF00722955B3C278 /* Pods */,
				BA199DE1D190957D6532E370 /* Frameworks */,
			);
			sourceTree = "<group>";
		};
		6CA75F0927400C5200ADCCE2 /* Products */ = {
			isa = PBXGroup;
			children = (
				6CA75F0827400C5200ADCCE2 /* KMCodingChallenge.app */,
				6CA75F2127400C5400ADCCE2 /* KMCodingChallengeTests.xctest */,
				6CA75F2B27400C5400ADCCE2 /* KMCodingChallengeUITests.xctest */,
			);
			name = Products;
			sourceTree = "<group>";
		};
		6CA75F0A27400C5200ADCCE2 /* KMCodingChallenge */ = {
			isa = PBXGroup;
			children = (
				6CA75F3E27400EC600ADCCE2 /* AppLaunchDelegates */,
				6CA75F5227410D9600ADCCE2 /* ViewControllers */,
				6CA75F3F27400EF000ADCCE2 /* Views */,
				6CA75F1727400C5400ADCCE2 /* Assets.xcassets */,
				6CA75F1927400C5400ADCCE2 /* LaunchScreen.storyboard */,
				6CA75F1C27400C5400ADCCE2 /* Info.plist */,
				6CA75F1427400C5200ADCCE2 /* KMCodingChallenge.xcdatamodeld */,
				6CA75F4727408C1D00ADCCE2 /* Models */,
				6CA75F5027410D8400ADCCE2 /* API */,
				6CA75F5127410D8A00ADCCE2 /* Support */,
			);
			path = KMCodingChallenge;
			sourceTree = "<group>";
		};
		6CA75F2427400C5400ADCCE2 /* KMCodingChallengeTests */ = {
			isa = PBXGroup;
			children = (
				6CA75F2527400C5400ADCCE2 /* KMCodingChallengeTests.swift */,
			);
			path = KMCodingChallengeTests;
			sourceTree = "<group>";
		};
		6CA75F2E27400C5400ADCCE2 /* KMCodingChallengeUITests */ = {
			isa = PBXGroup;
			children = (
				6CA75F2F27400C5400ADCCE2 /* KMCodingChallengeUITests.swift */,
				6CA75F3127400C5400ADCCE2 /* KMCodingChallengeUITestsLaunchTests.swift */,
			);
			path = KMCodingChallengeUITests;
			sourceTree = "<group>";
		};
		6CA75F3E27400EC600ADCCE2 /* AppLaunchDelegates */ = {
			isa = PBXGroup;
			children = (
				6CA75F0B27400C5200ADCCE2 /* AppDelegate.swift */,
				6CA75F0D27400C5200ADCCE2 /* SceneDelegate.swift */,
			);
			path = AppLaunchDelegates;
			sourceTree = "<group>";
		};
		6CA75F3F27400EF000ADCCE2 /* Views */ = {
			isa = PBXGroup;
			children = (
				6CA75F622741AC6C00ADCCE2 /* CollectionViews */,
				6CA75F4027400EF900ADCCE2 /* Storyboards */,
				6CA75F652741B18400ADCCE2 /* UICollectionViewReusableViews */,
			);
			path = Views;
			sourceTree = "<group>";
		};
		6CA75F4027400EF900ADCCE2 /* Storyboards */ = {
			isa = PBXGroup;
			children = (
				6CA75F1127400C5200ADCCE2 /* Main.storyboard */,
			);
			path = Storyboards;
			sourceTree = "<group>";
		};
		6CA75F4727408C1D00ADCCE2 /* Models */ = {
			isa = PBXGroup;
			children = (
				6CA75F4127400F6400ADCCE2 /* MediaModels.swift */,
				6CA75F4327401E3400ADCCE2 /* TrackMediaModel.swift */,
				6CA75F4527401E4E00ADCCE2 /* AudioBookMediaModel.swift */,
			);
			path = Models;
			sourceTree = "<group>";
		};
		6CA75F5027410D8400ADCCE2 /* API */ = {
			isa = PBXGroup;
			children = (
				6CA75F4827408C2C00ADCCE2 /* APIManager.swift */,
				6CA75F4A2740961F00ADCCE2 /* APIResponseResult.swift */,
				6CA75F552741140400ADCCE2 /* APIPaths.swift */,
				6CA75F592741262D00ADCCE2 /* APIRequestManager.swift */,
			);
			path = API;
			sourceTree = "<group>";
		};
		6CA75F5127410D8A00ADCCE2 /* Support */ = {
			isa = PBXGroup;
			children = (
				6CA75F4E27410B9E00ADCCE2 /* Extensions.swift */,
			);
			path = Support;
			sourceTree = "<group>";
		};
		6CA75F5227410D9600ADCCE2 /* ViewControllers */ = {
			isa = PBXGroup;
			children = (
				6CA75F5D2741A07700ADCCE2 /* Home */,
			);
			path = ViewControllers;
			sourceTree = "<group>";
		};
		6CA75F5D2741A07700ADCCE2 /* Home */ = {
			isa = PBXGroup;
			children = (
				6CA75F0F27400C5200ADCCE2 /* HomeViewController.swift */,
				6CA75F5327410DE800ADCCE2 /* HomeDataManager.swift */,
				6CA75F5B2741878800ADCCE2 /* HomeViewModel.swift */,
			);
			path = Home;
			sourceTree = "<group>";
		};
		6CA75F622741AC6C00ADCCE2 /* CollectionViews */ = {
			isa = PBXGroup;
			children = (
				6CA75F5E2741A09400ADCCE2 /* MediaCollectionViewCell.swift */,
				6CA75F5F2741A09400ADCCE2 /* MediaCollectionViewCell.xib */,
			);
			path = CollectionViews;
			sourceTree = "<group>";
		};
		6CA75F652741B18400ADCCE2 /* UICollectionViewReusableViews */ = {
			isa = PBXGroup;
			children = (
				6CA75F632741B18100ADCCE2 /* SectionHeader.swift */,
			);
			path = UICollectionViewReusableViews;
			sourceTree = "<group>";
		};
		BA199DE1D190957D6532E370 /* Frameworks */ = {
			isa = PBXGroup;
			children = (
				941A56BFC3D1D68A0686AFAD /* Pods_KMCodingChallenge.framework */,
				ED33DE9941C8331000ED7C4C /* Pods_KMCodingChallengeTests.framework */,
				B99C1575D5AC09324D0D62DD /* Pods_KMCodingChallengeUITests.framework */,
			);
			name = Frameworks;
			sourceTree = "<group>";
		};
/* End PBXGroup section */

/* Begin PBXNativeTarget section */
		6CA75F0727400C5200ADCCE2 /* KMCodingChallenge */ = {
			isa = PBXNativeTarget;
			buildConfigurationList = 6CA75F3527400C5400ADCCE2 /* Build configuration list for PBXNativeTarget "KMCodingChallenge" */;
			buildPhases = (
				F5C7263B1E4CB7562EFC682F /* [CP] Check Pods Manifest.lock */,
				6CA75F0427400C5200ADCCE2 /* Sources */,
				6CA75F0527400C5200ADCCE2 /* Frameworks */,
				6CA75F0627400C5200ADCCE2 /* Resources */,
				EE6307DC831BDD38D0DDB65D /* [CP] Embed Pods Frameworks */,
			);
			buildRules = (
			);
			dependencies = (
			);
			name = KMCodingChallenge;
			productName = KMCodingChallenge;
			productReference = 6CA75F0827400C5200ADCCE2 /* KMCodingChallenge.app */;
			productType = "com.apple.product-type.application";
		};
		6CA75F2027400C5400ADCCE2 /* KMCodingChallengeTests */ = {
			isa = PBXNativeTarget;
			buildConfigurationList = 6CA75F3827400C5400ADCCE2 /* Build configuration list for PBXNativeTarget "KMCodingChallengeTests" */;
			buildPhases = (
				070C4BB11D0F72408A11E40D /* [CP] Check Pods Manifest.lock */,
				6CA75F1D27400C5400ADCCE2 /* Sources */,
				6CA75F1E27400C5400ADCCE2 /* Frameworks */,
				6CA75F1F27400C5400ADCCE2 /* Resources */,
			);
			buildRules = (
			);
			dependencies = (
				6CA75F2327400C5400ADCCE2 /* PBXTargetDependency */,
			);
			name = KMCodingChallengeTests;
			productName = KMCodingChallengeTests;
			productReference = 6CA75F2127400C5400ADCCE2 /* KMCodingChallengeTests.xctest */;
			productType = "com.apple.product-type.bundle.unit-test";
		};
		6CA75F2A27400C5400ADCCE2 /* KMCodingChallengeUITests */ = {
			isa = PBXNativeTarget;
			buildConfigurationList = 6CA75F3B27400C5400ADCCE2 /* Build configuration list for PBXNativeTarget "KMCodingChallengeUITests" */;
			buildPhases = (
				7888D0B45F8D2D9BC52297A8 /* [CP] Check Pods Manifest.lock */,
				6CA75F2727400C5400ADCCE2 /* Sources */,
				6CA75F2827400C5400ADCCE2 /* Frameworks */,
				6CA75F2927400C5400ADCCE2 /* Resources */,
			);
			buildRules = (
			);
			dependencies = (
				6CA75F2D27400C5400ADCCE2 /* PBXTargetDependency */,
			);
			name = KMCodingChallengeUITests;
			productName = KMCodingChallengeUITests;
			productReference = 6CA75F2B27400C5400ADCCE2 /* KMCodingChallengeUITests.xctest */;
			productType = "com.apple.product-type.bundle.ui-testing";
		};
/* End PBXNativeTarget section */

/* Begin PBXProject section */
		6CA75F0027400C5200ADCCE2 /* Project object */ = {
			isa = PBXProject;
			attributes = {
				BuildIndependentTargetsInParallel = 1;
				LastSwiftUpdateCheck = 1300;
				LastUpgradeCheck = 1300;
				TargetAttributes = {
					6CA75F0727400C5200ADCCE2 = {
						CreatedOnToolsVersion = 13.0;
					};
					6CA75F2027400C5400ADCCE2 = {
						CreatedOnToolsVersion = 13.0;
						TestTargetID = 6CA75F0727400C5200ADCCE2;
					};
					6CA75F2A27400C5400ADCCE2 = {
						CreatedOnToolsVersion = 13.0;
						TestTargetID = 6CA75F0727400C5200ADCCE2;
					};
				};
			};
			buildConfigurationList = 6CA75F0327400C5200ADCCE2 /* Build configuration list for PBXProject "KMCodingChallenge" */;
			compatibilityVersion = "Xcode 13.0";
			developmentRegion = en;
			hasScannedForEncodings = 0;
			knownRegions = (
				en,
				Base,
			);
			mainGroup = 6CA75EFF27400C5200ADCCE2;
			productRefGroup = 6CA75F0927400C5200ADCCE2 /* Products */;
			projectDirPath = "";
			projectRoot = "";
			targets = (
				6CA75F0727400C5200ADCCE2 /* KMCodingChallenge */,
				6CA75F2027400C5400ADCCE2 /* KMCodingChallengeTests */,
				6CA75F2A27400C5400ADCCE2 /* KMCodingChallengeUITests */,
			);
		};
/* End PBXProject section */

/* Begin PBXResourcesBuildPhase section */
		6CA75F0627400C5200ADCCE2 /* Resources */ = {
			isa = PBXResourcesBuildPhase;
			buildActionMask = 2147483647;
			files = (
				6CA75F1B27400C5400ADCCE2 /* LaunchScreen.storyboard in Resources */,
				6CA75F1827400C5400ADCCE2 /* Assets.xcassets in Resources */,
				6CA75F1327400C5200ADCCE2 /* Main.storyboard in Resources */,
				6CA75F612741A09400ADCCE2 /* MediaCollectionViewCell.xib in Resources */,
			);
			runOnlyForDeploymentPostprocessing = 0;
		};
		6CA75F1F27400C5400ADCCE2 /* Resources */ = {
			isa = PBXResourcesBuildPhase;
			buildActionMask = 2147483647;
			files = (
			);
			runOnlyForDeploymentPostprocessing = 0;
		};
		6CA75F2927400C5400ADCCE2 /* Resources */ = {
			isa = PBXResourcesBuildPhase;
			buildActionMask = 2147483647;
			files = (
			);
			runOnlyForDeploymentPostprocessing = 0;
		};
/* End PBXResourcesBuildPhase section */

/* Begin PBXShellScriptBuildPhase section */
		070C4BB11D0F72408A11E40D /* [CP] Check Pods Manifest.lock */ = {
			isa = PBXShellScriptBuildPhase;
			buildActionMask = 2147483647;
			files = (
			);
			inputFileListPaths = (
			);
			inputPaths = (
				"${PODS_PODFILE_DIR_PATH}/Podfile.lock",
				"${PODS_ROOT}/Manifest.lock",
			);
			name = "[CP] Check Pods Manifest.lock";
			outputFileListPaths = (
			);
			outputPaths = (
				"$(DERIVED_FILE_DIR)/Pods-KMCodingChallengeTests-checkManifestLockResult.txt",
			);
			runOnlyForDeploymentPostprocessing = 0;
			shellPath = /bin/sh;
			shellScript = "diff \"${PODS_PODFILE_DIR_PATH}/Podfile.lock\" \"${PODS_ROOT}/Manifest.lock\" > /dev/null\nif [ $? != 0 ] ; then\n    # print error to STDERR\n    echo \"error: The sandbox is not in sync with the Podfile.lock. Run 'pod install' or update your CocoaPods installation.\" >&2\n    exit 1\nfi\n# This output is used by Xcode 'outputs' to avoid re-running this script phase.\necho \"SUCCESS\" > \"${SCRIPT_OUTPUT_FILE_0}\"\n";
			showEnvVarsInLog = 0;
		};
		7888D0B45F8D2D9BC52297A8 /* [CP] Check Pods Manifest.lock */ = {
			isa = PBXShellScriptBuildPhase;
			buildActionMask = 2147483647;
			files = (
			);
			inputFileListPaths = (
			);
			inputPaths = (
				"${PODS_PODFILE_DIR_PATH}/Podfile.lock",
				"${PODS_ROOT}/Manifest.lock",
			);
			name = "[CP] Check Pods Manifest.lock";
			outputFileListPaths = (
			);
			outputPaths = (
				"$(DERIVED_FILE_DIR)/Pods-KMCodingChallengeUITests-checkManifestLockResult.txt",
			);
			runOnlyForDeploymentPostprocessing = 0;
			shellPath = /bin/sh;
			shellScript = "diff \"${PODS_PODFILE_DIR_PATH}/Podfile.lock\" \"${PODS_ROOT}/Manifest.lock\" > /dev/null\nif [ $? != 0 ] ; then\n    # print error to STDERR\n    echo \"error: The sandbox is not in sync with the Podfile.lock. Run 'pod install' or update your CocoaPods installation.\" >&2\n    exit 1\nfi\n# This output is used by Xcode 'outputs' to avoid re-running this script phase.\necho \"SUCCESS\" > \"${SCRIPT_OUTPUT_FILE_0}\"\n";
			showEnvVarsInLog = 0;
		};
		EE6307DC831BDD38D0DDB65D /* [CP] Embed Pods Frameworks */ = {
			isa = PBXShellScriptBuildPhase;
			buildActionMask = 2147483647;
			files = (
			);
			inputFileListPaths = (
				"${PODS_ROOT}/Target Support Files/Pods-KMCodingChallenge/Pods-KMCodingChallenge-frameworks-${CONFIGURATION}-input-files.xcfilelist",
			);
			name = "[CP] Embed Pods Frameworks";
			outputFileListPaths = (
				"${PODS_ROOT}/Target Support Files/Pods-KMCodingChallenge/Pods-KMCodingChallenge-frameworks-${CONFIGURATION}-output-files.xcfilelist",
			);
			runOnlyForDeploymentPostprocessing = 0;
			shellPath = /bin/sh;
			shellScript = "\"${PODS_ROOT}/Target Support Files/Pods-KMCodingChallenge/Pods-KMCodingChallenge-frameworks.sh\"\n";
			showEnvVarsInLog = 0;
		};
		F5C7263B1E4CB7562EFC682F /* [CP] Check Pods Manifest.lock */ = {
			isa = PBXShellScriptBuildPhase;
			buildActionMask = 2147483647;
			files = (
			);
			inputFileListPaths = (
			);
			inputPaths = (
				"${PODS_PODFILE_DIR_PATH}/Podfile.lock",
				"${PODS_ROOT}/Manifest.lock",
			);
			name = "[CP] Check Pods Manifest.lock";
			outputFileListPaths = (
			);
			outputPaths = (
				"$(DERIVED_FILE_DIR)/Pods-KMCodingChallenge-checkManifestLockResult.txt",
			);
			runOnlyForDeploymentPostprocessing = 0;
			shellPath = /bin/sh;
			shellScript = "diff \"${PODS_PODFILE_DIR_PATH}/Podfile.lock\" \"${PODS_ROOT}/Manifest.lock\" > /dev/null\nif [ $? != 0 ] ; then\n    # print error to STDERR\n    echo \"error: The sandbox is not in sync with the Podfile.lock. Run 'pod install' or update your CocoaPods installation.\" >&2\n    exit 1\nfi\n# This output is used by Xcode 'outputs' to avoid re-running this script phase.\necho \"SUCCESS\" > \"${SCRIPT_OUTPUT_FILE_0}\"\n";
			showEnvVarsInLog = 0;
		};
/* End PBXShellScriptBuildPhase section */

/* Begin PBXSourcesBuildPhase section */
		6CA75F0427400C5200ADCCE2 /* Sources */ = {
			isa = PBXSourcesBuildPhase;
			buildActionMask = 2147483647;
			files = (
				6CA75F4927408C2C00ADCCE2 /* APIManager.swift in Sources */,
				6CA75F5427410DE800ADCCE2 /* HomeDataManager.swift in Sources */,
				6CA75F1027400C5200ADCCE2 /* HomeViewController.swift in Sources */,
				6CA75F1627400C5200ADCCE2 /* KMCodingChallenge.xcdatamodeld in Sources */,
				6CA75F4B2740961F00ADCCE2 /* APIResponseResult.swift in Sources */,
				6CA75F5A2741262D00ADCCE2 /* APIRequestManager.swift in Sources */,
				6CA75F4427401E3400ADCCE2 /* TrackMediaModel.swift in Sources */,
				6CA75F0C27400C5200ADCCE2 /* AppDelegate.swift in Sources */,
				6CA75F4627401E4E00ADCCE2 /* AudioBookMediaModel.swift in Sources */,
				6CA75F5C2741878800ADCCE2 /* HomeViewModel.swift in Sources */,
				6CA75F602741A09400ADCCE2 /* MediaCollectionViewCell.swift in Sources */,
				6CA75F0E27400C5200ADCCE2 /* SceneDelegate.swift in Sources */,
				6CA75F642741B18100ADCCE2 /* SectionHeader.swift in Sources */,
				6CA75F4F27410B9E00ADCCE2 /* Extensions.swift in Sources */,
				6CA75F4227400F6400ADCCE2 /* MediaModels.swift in Sources */,
				6CA75F562741140400ADCCE2 /* APIPaths.swift in Sources */,
			);
			runOnlyForDeploymentPostprocessing = 0;
		};
		6CA75F1D27400C5400ADCCE2 /* Sources */ = {
			isa = PBXSourcesBuildPhase;
			buildActionMask = 2147483647;
			files = (
				6CA75F2627400C5400ADCCE2 /* KMCodingChallengeTests.swift in Sources */,
			);
			runOnlyForDeploymentPostprocessing = 0;
		};
		6CA75F2727400C5400ADCCE2 /* Sources */ = {
			isa = PBXSourcesBuildPhase;
			buildActionMask = 2147483647;
			files = (
				6CA75F3227400C5400ADCCE2 /* KMCodingChallengeUITestsLaunchTests.swift in Sources */,
				6CA75F3027400C5400ADCCE2 /* KMCodingChallengeUITests.swift in Sources */,
			);
			runOnlyForDeploymentPostprocessing = 0;
		};
/* End PBXSourcesBuildPhase section */

/* Begin PBXTargetDependency section */
		6CA75F2327400C5400ADCCE2 /* PBXTargetDependency */ = {
			isa = PBXTargetDependency;
			target = 6CA75F0727400C5200ADCCE2 /* KMCodingChallenge */;
			targetProxy = 6CA75F2227400C5400ADCCE2 /* PBXContainerItemProxy */;
		};
		6CA75F2D27400C5400ADCCE2 /* PBXTargetDependency */ = {
			isa = PBXTargetDependency;
			target = 6CA75F0727400C5200ADCCE2 /* KMCodingChallenge */;
			targetProxy = 6CA75F2C27400C5400ADCCE2 /* PBXContainerItemProxy */;
		};
/* End PBXTargetDependency section */

/* Begin PBXVariantGroup section */
		6CA75F1127400C5200ADCCE2 /* Main.storyboard */ = {
			isa = PBXVariantGroup;
			children = (
				6CA75F1227400C5200ADCCE2 /* Base */,
			);
			name = Main.storyboard;
			sourceTree = "<group>";
		};
		6CA75F1927400C5400ADCCE2 /* LaunchScreen.storyboard */ = {
			isa = PBXVariantGroup;
			children = (
				6CA75F1A27400C5400ADCCE2 /* Base */,
			);
			name = LaunchScreen.storyboard;
			sourceTree = "<group>";
		};
/* End PBXVariantGroup section */

/* Begin XCBuildConfiguration section */
		6CA75F3327400C5400ADCCE2 /* Debug */ = {
			isa = XCBuildConfiguration;
			buildSettings = {
				ALWAYS_SEARCH_USER_PATHS = NO;
				CLANG_ANALYZER_NONNULL = YES;
				CLANG_ANALYZER_NUMBER_OBJECT_CONVERSION = YES_AGGRESSIVE;
				CLANG_CXX_LANGUAGE_STANDARD = "gnu++17";
				CLANG_CXX_LIBRARY = "libc++";
				CLANG_ENABLE_MODULES = YES;
				CLANG_ENABLE_OBJC_ARC = YES;
				CLANG_ENABLE_OBJC_WEAK = YES;
				CLANG_WARN_BLOCK_CAPTURE_AUTORELEASING = YES;
				CLANG_WARN_BOOL_CONVERSION = YES;
				CLANG_WARN_COMMA = YES;
				CLANG_WARN_CONSTANT_CONVERSION = YES;
				CLANG_WARN_DEPRECATED_OBJC_IMPLEMENTATIONS = YES;
				CLANG_WARN_DIRECT_OBJC_ISA_USAGE = YES_ERROR;
				CLANG_WARN_DOCUMENTATION_COMMENTS = YES;
				CLANG_WARN_EMPTY_BODY = YES;
				CLANG_WARN_ENUM_CONVERSION = YES;
				CLANG_WARN_INFINITE_RECURSION = YES;
				CLANG_WARN_INT_CONVERSION = YES;
				CLANG_WARN_NON_LITERAL_NULL_CONVERSION = YES;
				CLANG_WARN_OBJC_IMPLICIT_RETAIN_SELF = YES;
				CLANG_WARN_OBJC_LITERAL_CONVERSION = YES;
				CLANG_WARN_OBJC_ROOT_CLASS = YES_ERROR;
				CLANG_WARN_QUOTED_INCLUDE_IN_FRAMEWORK_HEADER = YES;
				CLANG_WARN_RANGE_LOOP_ANALYSIS = YES;
				CLANG_WARN_STRICT_PROTOTYPES = YES;
				CLANG_WARN_SUSPICIOUS_MOVE = YES;
				CLANG_WARN_UNGUARDED_AVAILABILITY = YES_AGGRESSIVE;
				CLANG_WARN_UNREACHABLE_CODE = YES;
				CLANG_WARN__DUPLICATE_METHOD_MATCH = YES;
				COPY_PHASE_STRIP = NO;
				DEBUG_INFORMATION_FORMAT = dwarf;
				ENABLE_STRICT_OBJC_MSGSEND = YES;
				ENABLE_TESTABILITY = YES;
				GCC_C_LANGUAGE_STANDARD = gnu11;
				GCC_DYNAMIC_NO_PIC = NO;
				GCC_NO_COMMON_BLOCKS = YES;
				GCC_OPTIMIZATION_LEVEL = 0;
				GCC_PREPROCESSOR_DEFINITIONS = (
					"DEBUG=1",
					"$(inherited)",
				);
				GCC_WARN_64_TO_32_BIT_CONVERSION = YES;
				GCC_WARN_ABOUT_RETURN_TYPE = YES_ERROR;
				GCC_WARN_UNDECLARED_SELECTOR = YES;
				GCC_WARN_UNINITIALIZED_AUTOS = YES_AGGRESSIVE;
				GCC_WARN_UNUSED_FUNCTION = YES;
				GCC_WARN_UNUSED_VARIABLE = YES;
				IPHONEOS_DEPLOYMENT_TARGET = 15.0;
				MTL_ENABLE_DEBUG_INFO = INCLUDE_SOURCE;
				MTL_FAST_MATH = YES;
				ONLY_ACTIVE_ARCH = YES;
				SDKROOT = iphoneos;
				SWIFT_ACTIVE_COMPILATION_CONDITIONS = DEBUG;
				SWIFT_OPTIMIZATION_LEVEL = "-Onone";
			};
			name = Debug;
		};
		6CA75F3427400C5400ADCCE2 /* Release */ = {
			isa = XCBuildConfiguration;
			buildSettings = {
				ALWAYS_SEARCH_USER_PATHS = NO;
				CLANG_ANALYZER_NONNULL = YES;
				CLANG_ANALYZER_NUMBER_OBJECT_CONVERSION = YES_AGGRESSIVE;
				CLANG_CXX_LANGUAGE_STANDARD = "gnu++17";
				CLANG_CXX_LIBRARY = "libc++";
				CLANG_ENABLE_MODULES = YES;
				CLANG_ENABLE_OBJC_ARC = YES;
				CLANG_ENABLE_OBJC_WEAK = YES;
				CLANG_WARN_BLOCK_CAPTURE_AUTORELEASING = YES;
				CLANG_WARN_BOOL_CONVERSION = YES;
				CLANG_WARN_COMMA = YES;
				CLANG_WARN_CONSTANT_CONVERSION = YES;
				CLANG_WARN_DEPRECATED_OBJC_IMPLEMENTATIONS = YES;
				CLANG_WARN_DIRECT_OBJC_ISA_USAGE = YES_ERROR;
				CLANG_WARN_DOCUMENTATION_COMMENTS = YES;
				CLANG_WARN_EMPTY_BODY = YES;
				CLANG_WARN_ENUM_CONVERSION = YES;
				CLANG_WARN_INFINITE_RECURSION = YES;
				CLANG_WARN_INT_CONVERSION = YES;
				CLANG_WARN_NON_LITERAL_NULL_CONVERSION = YES;
				CLANG_WARN_OBJC_IMPLICIT_RETAIN_SELF = YES;
				CLANG_WARN_OBJC_LITERAL_CONVERSION = YES;
				CLANG_WARN_OBJC_ROOT_CLASS = YES_ERROR;
				CLANG_WARN_QUOTED_INCLUDE_IN_FRAMEWORK_HEADER = YES;
				CLANG_WARN_RANGE_LOOP_ANALYSIS = YES;
				CLANG_WARN_STRICT_PROTOTYPES = YES;
				CLANG_WARN_SUSPICIOUS_MOVE = YES;
				CLANG_WARN_UNGUARDED_AVAILABILITY = YES_AGGRESSIVE;
				CLANG_WARN_UNREACHABLE_CODE = YES;
				CLANG_WARN__DUPLICATE_METHOD_MATCH = YES;
				COPY_PHASE_STRIP = NO;
				DEBUG_INFORMATION_FORMAT = "dwarf-with-dsym";
				ENABLE_NS_ASSERTIONS = NO;
				ENABLE_STRICT_OBJC_MSGSEND = YES;
				GCC_C_LANGUAGE_STANDARD = gnu11;
				GCC_NO_COMMON_BLOCKS = YES;
				GCC_WARN_64_TO_32_BIT_CONVERSION = YES;
				GCC_WARN_ABOUT_RETURN_TYPE = YES_ERROR;
				GCC_WARN_UNDECLARED_SELECTOR = YES;
				GCC_WARN_UNINITIALIZED_AUTOS = YES_AGGRESSIVE;
				GCC_WARN_UNUSED_FUNCTION = YES;
				GCC_WARN_UNUSED_VARIABLE = YES;
				IPHONEOS_DEPLOYMENT_TARGET = 15.0;
				MTL_ENABLE_DEBUG_INFO = NO;
				MTL_FAST_MATH = YES;
				SDKROOT = iphoneos;
				SWIFT_COMPILATION_MODE = wholemodule;
				SWIFT_OPTIMIZATION_LEVEL = "-O";
				VALIDATE_PRODUCT = YES;
			};
			name = Release;
		};
		6CA75F3627400C5400ADCCE2 /* Debug */ = {
			isa = XCBuildConfiguration;
			baseConfigurationReference = AA9E296F9DC20BA3C0FBE7F2 /* Pods-KMCodingChallenge.debug.xcconfig */;
			buildSettings = {
				ASSETCATALOG_COMPILER_APPICON_NAME = AppIcon;
				ASSETCATALOG_COMPILER_GLOBAL_ACCENT_COLOR_NAME = AccentColor;
				CODE_SIGN_STYLE = Automatic;
				CURRENT_PROJECT_VERSION = 1;
				DEVELOPMENT_TEAM = XUN95V9WDZ;
				GENERATE_INFOPLIST_FILE = YES;
				INFOPLIST_FILE = KMCodingChallenge/Info.plist;
				INFOPLIST_KEY_UIApplicationSupportsIndirectInputEvents = YES;
				INFOPLIST_KEY_UILaunchStoryboardName = LaunchScreen;
				INFOPLIST_KEY_UIMainStoryboardFile = Main;
				INFOPLIST_KEY_UISupportedInterfaceOrientations_iPad = "UIInterfaceOrientationPortrait UIInterfaceOrientationPortraitUpsideDown UIInterfaceOrientationLandscapeLeft UIInterfaceOrientationLandscapeRight";
				INFOPLIST_KEY_UISupportedInterfaceOrientations_iPhone = "UIInterfaceOrientationPortrait UIInterfaceOrientationLandscapeLeft UIInterfaceOrientationLandscapeRight";
				LD_RUNPATH_SEARCH_PATHS = (
					"$(inherited)",
					"@executable_path/Frameworks",
				);
				MARKETING_VERSION = 1.0;
				PRODUCT_BUNDLE_IDENTIFIER = kem.bel.KMCodingChallenge;
				PRODUCT_NAME = "$(TARGET_NAME)";
				SWIFT_EMIT_LOC_STRINGS = YES;
				SWIFT_VERSION = 5.0;
				TARGETED_DEVICE_FAMILY = "1,2";
			};
			name = Debug;
		};
		6CA75F3727400C5400ADCCE2 /* Release */ = {
			isa = XCBuildConfiguration;
			baseConfigurationReference = D438FDF83D10DF511D70693D /* Pods-KMCodingChallenge.release.xcconfig */;
			buildSettings = {
				ASSETCATALOG_COMPILER_APPICON_NAME = AppIcon;
				ASSETCATALOG_COMPILER_GLOBAL_ACCENT_COLOR_NAME = AccentColor;
				CODE_SIGN_STYLE = Automatic;
				CURRENT_PROJECT_VERSION = 1;
				DEVELOPMENT_TEAM = XUN95V9WDZ;
				GENERATE_INFOPLIST_FILE = YES;
				INFOPLIST_FILE = KMCodingChallenge/Info.plist;
				INFOPLIST_KEY_UIApplicationSupportsIndirectInputEvents = YES;
				INFOPLIST_KEY_UILaunchStoryboardName = LaunchScreen;
				INFOPLIST_KEY_UIMainStoryboardFile = Main;
				INFOPLIST_KEY_UISupportedInterfaceOrientations_iPad = "UIInterfaceOrientationPortrait UIInterfaceOrientationPortraitUpsideDown UIInterfaceOrientationLandscapeLeft UIInterfaceOrientationLandscapeRight";
				INFOPLIST_KEY_UISupportedInterfaceOrientations_iPhone = "UIInterfaceOrientationPortrait UIInterfaceOrientationLandscapeLeft UIInterfaceOrientationLandscapeRight";
				LD_RUNPATH_SEARCH_PATHS = (
					"$(inherited)",
					"@executable_path/Frameworks",
				);
				MARKETING_VERSION = 1.0;
				PRODUCT_BUNDLE_IDENTIFIER = kem.bel.KMCodingChallenge;
				PRODUCT_NAME = "$(TARGET_NAME)";
				SWIFT_EMIT_LOC_STRINGS = YES;
				SWIFT_VERSION = 5.0;
				TARGETED_DEVICE_FAMILY = "1,2";
			};
			name = Release;
		};
		6CA75F3927400C5400ADCCE2 /* Debug */ = {
			isa = XCBuildConfiguration;
			baseConfigurationReference = CE334AA0602630AB78B26E89 /* Pods-KMCodingChallengeTests.debug.xcconfig */;
			buildSettings = {
				ALWAYS_EMBED_SWIFT_STANDARD_LIBRARIES = YES;
				BUNDLE_LOADER = "$(TEST_HOST)";
				CODE_SIGN_STYLE = Automatic;
				CURRENT_PROJECT_VERSION = 1;
				DEVELOPMENT_TEAM = XUN95V9WDZ;
				GENERATE_INFOPLIST_FILE = YES;
				IPHONEOS_DEPLOYMENT_TARGET = 15.0;
				LD_RUNPATH_SEARCH_PATHS = (
					"$(inherited)",
					"@executable_path/Frameworks",
					"@loader_path/Frameworks",
				);
				MARKETING_VERSION = 1.0;
				PRODUCT_BUNDLE_IDENTIFIER = kem.bel.KMCodingChallengeTests;
				PRODUCT_NAME = "$(TARGET_NAME)";
				SWIFT_EMIT_LOC_STRINGS = NO;
				SWIFT_VERSION = 5.0;
				TARGETED_DEVICE_FAMILY = "1,2";
				TEST_HOST = "$(BUILT_PRODUCTS_DIR)/KMCodingChallenge.app/KMCodingChallenge";
			};
			name = Debug;
		};
		6CA75F3A27400C5400ADCCE2 /* Release */ = {
			isa = XCBuildConfiguration;
			baseConfigurationReference = D75BEB9045046E4FC78FD660 /* Pods-KMCodingChallengeTests.release.xcconfig */;
			buildSettings = {
				ALWAYS_EMBED_SWIFT_STANDARD_LIBRARIES = YES;
				BUNDLE_LOADER = "$(TEST_HOST)";
				CODE_SIGN_STYLE = Automatic;
				CURRENT_PROJECT_VERSION = 1;
				DEVELOPMENT_TEAM = XUN95V9WDZ;
				GENERATE_INFOPLIST_FILE = YES;
				IPHONEOS_DEPLOYMENT_TARGET = 15.0;
				LD_RUNPATH_SEARCH_PATHS = (
					"$(inherited)",
					"@executable_path/Frameworks",
					"@loader_path/Frameworks",
				);
				MARKETING_VERSION = 1.0;
				PRODUCT_BUNDLE_IDENTIFIER = kem.bel.KMCodingChallengeTests;
				PRODUCT_NAME = "$(TARGET_NAME)";
				SWIFT_EMIT_LOC_STRINGS = NO;
				SWIFT_VERSION = 5.0;
				TARGETED_DEVICE_FAMILY = "1,2";
				TEST_HOST = "$(BUILT_PRODUCTS_DIR)/KMCodingChallenge.app/KMCodingChallenge";
			};
			name = Release;
		};
		6CA75F3C27400C5400ADCCE2 /* Debug */ = {
			isa = XCBuildConfiguration;
			baseConfigurationReference = 4B661C2EFA0629457A019EDC /* Pods-KMCodingChallengeUITests.debug.xcconfig */;
			buildSettings = {
				ALWAYS_EMBED_SWIFT_STANDARD_LIBRARIES = YES;
				CODE_SIGN_STYLE = Automatic;
				CURRENT_PROJECT_VERSION = 1;
				DEVELOPMENT_TEAM = XUN95V9WDZ;
				GENERATE_INFOPLIST_FILE = YES;
				LD_RUNPATH_SEARCH_PATHS = (
					"$(inherited)",
					"@executable_path/Frameworks",
					"@loader_path/Frameworks",
				);
				MARKETING_VERSION = 1.0;
				PRODUCT_BUNDLE_IDENTIFIER = kem.bel.KMCodingChallengeUITests;
				PRODUCT_NAME = "$(TARGET_NAME)";
				SWIFT_EMIT_LOC_STRINGS = NO;
				SWIFT_VERSION = 5.0;
				TARGETED_DEVICE_FAMILY = "1,2";
				TEST_TARGET_NAME = KMCodingChallenge;
			};
			name = Debug;
		};
		6CA75F3D27400C5400ADCCE2 /* Release */ = {
			isa = XCBuildConfiguration;
			baseConfigurationReference = 9C09381F6AD38B39A5E487B4 /* Pods-KMCodingChallengeUITests.release.xcconfig */;
			buildSettings = {
				ALWAYS_EMBED_SWIFT_STANDARD_LIBRARIES = YES;
				CODE_SIGN_STYLE = Automatic;
				CURRENT_PROJECT_VERSION = 1;
				DEVELOPMENT_TEAM = XUN95V9WDZ;
				GENERATE_INFOPLIST_FILE = YES;
				LD_RUNPATH_SEARCH_PATHS = (
					"$(inherited)",
					"@executable_path/Frameworks",
					"@loader_path/Frameworks",
				);
				MARKETING_VERSION = 1.0;
				PRODUCT_BUNDLE_IDENTIFIER = kem.bel.KMCodingChallengeUITests;
				PRODUCT_NAME = "$(TARGET_NAME)";
				SWIFT_EMIT_LOC_STRINGS = NO;
				SWIFT_VERSION = 5.0;
				TARGETED_DEVICE_FAMILY = "1,2";
				TEST_TARGET_NAME = KMCodingChallenge;
			};
			name = Release;
		};
/* End XCBuildConfiguration section */

/* Begin XCConfigurationList section */
		6CA75F0327400C5200ADCCE2 /* Build configuration list for PBXProject "KMCodingChallenge" */ = {
			isa = XCConfigurationList;
			buildConfigurations = (
				6CA75F3327400C5400ADCCE2 /* Debug */,
				6CA75F3427400C5400ADCCE2 /* Release */,
			);
			defaultConfigurationIsVisible = 0;
			defaultConfigurationName = Release;
		};
		6CA75F3527400C5400ADCCE2 /* Build configuration list for PBXNativeTarget "KMCodingChallenge" */ = {
			isa = XCConfigurationList;
			buildConfigurations = (
				6CA75F3627400C5400ADCCE2 /* Debug */,
				6CA75F3727400C5400ADCCE2 /* Release */,
			);
			defaultConfigurationIsVisible = 0;
			defaultConfigurationName = Release;
		};
		6CA75F3827400C5400ADCCE2 /* Build configuration list for PBXNativeTarget "KMCodingChallengeTests" */ = {
			isa = XCConfigurationList;
			buildConfigurations = (
				6CA75F3927400C5400ADCCE2 /* Debug */,
				6CA75F3A27400C5400ADCCE2 /* Release */,
			);
			defaultConfigurationIsVisible = 0;
			defaultConfigurationName = Release;
		};
		6CA75F3B27400C5400ADCCE2 /* Build configuration list for PBXNativeTarget "KMCodingChallengeUITests" */ = {
			isa = XCConfigurationList;
			buildConfigurations = (
				6CA75F3C27400C5400ADCCE2 /* Debug */,
				6CA75F3D27400C5400ADCCE2 /* Release */,
			);
			defaultConfigurationIsVisible = 0;
			defaultConfigurationName = Release;
		};
/* End XCConfigurationList section */

/* Begin XCVersionGroup section */
		6CA75F1427400C5200ADCCE2 /* KMCodingChallenge.xcdatamodeld */ = {
			isa = XCVersionGroup;
			children = (
				6CA75F1527400C5200ADCCE2 /* KMCodingChallenge.xcdatamodel */,
			);
			currentVersion = 6CA75F1527400C5200ADCCE2 /* KMCodingChallenge.xcdatamodel */;
			path = KMCodingChallenge.xcdatamodeld;
			sourceTree = "<group>";
			versionGroupType = wrapper.xcdatamodel;
		};
/* End XCVersionGroup section */
	};
	rootObject = 6CA75F0027400C5200ADCCE2 /* Project object */;
}
